
Microsoft Visual Studio Solution File, Format Version 12.00
# Visual Studio 14
VisualStudioVersion = 14.0.25420.1
MinimumVisualStudioVersion = 10.0.40219.1
Project("{FAE04EC0-301F-11D3-BF4B-00C04F79EFBC}") = "HebrewLanguageLearning_Admin", "HebrewLanguageLearning_Admin\HebrewLanguageLearning_Admin.csproj", "{E83FCE28-6E6B-4060-982B-0887C905DEA1}"
EndProject
Project("{FAE04EC0-301F-11D3-BF4B-00C04F79EFBC}") = "HebrewLanguageLearning_Api", "HebrewLanguageLearning_Api\HebrewLanguageLearning_Api.csproj", "{211A3EF8-7C18-4E7D-9B8B-724288629ADA}"
EndProject
Project("{FAE04EC0-301F-11D3-BF4B-00C04F79EFBC}") = "HebrewLanguageLearning_Users", "HebrewLanguageLearning_Users\HebrewLanguageLearning_Users.csproj", "{BADD9674-3308-4194-AF59-344997B4926C}"
EndProject
Project("{FAE04EC0-301F-11D3-BF4B-00C04F79EFBC}") = "MaterialMenu", "MaterialMenu\MaterialMenu.csproj", "{DC810FBA-1DC9-429F-A247-35075EA49648}"
EndProject
Project("{54435603-DBB4-11D2-8724-00A0C9A8B90C}") = "BiblingoSetup", "BiblingoSetup\BiblingoSetup.vdproj", "{33D04351-392E-4C50-879B-1C451B2325FB}"
EndProject
Global
	GlobalSection(SolutionConfigurationPlatforms) = preSolution
		Debug|Any CPU = Debug|Any CPU
		Debug35|Any CPU = Debug35|Any CPU
		R46|Any CPU = R46|Any CPU
		Release|Any CPU = Release|Any CPU
		Release35|Any CPU = Release35|Any CPU
		Release40|Any CPU = Release40|Any CPU
		Release45|Any CPU = Release45|Any CPU
		Release451|Any CPU = Release451|Any CPU
		Release452|Any CPU = Release452|Any CPU
	EndGlobalSection
	GlobalSection(ProjectConfigurationPlatforms) = postSolution
		{E83FCE28-6E6B-4060-982B-0887C905DEA1}.Debug|Any CPU.ActiveCfg = Debug|Any CPU
		{E83FCE28-6E6B-4060-982B-0887C905DEA1}.Debug|Any CPU.Build.0 = Debug|Any CPU
		{E83FCE28-6E6B-4060-982B-0887C905DEA1}.Debug35|Any CPU.ActiveCfg = Debug|Any CPU
		{E83FCE28-6E6B-4060-982B-0887C905DEA1}.Debug35|Any CPU.Build.0 = Debug|Any CPU
		{E83FCE28-6E6B-4060-982B-0887C905DEA1}.R46|Any CPU.ActiveCfg = Release|Any CPU
		{E83FCE28-6E6B-4060-982B-0887C905DEA1}.R46|Any CPU.Build.0 = Release|Any CPU
		{E83FCE28-6E6B-4060-982B-0887C905DEA1}.Release|Any CPU.ActiveCfg = Release|Any CPU
		{E83FCE28-6E6B-4060-982B-0887C905DEA1}.Release|Any CPU.Build.0 = Release|Any CPU
		{E83FCE28-6E6B-4060-982B-0887C905DEA1}.Release35|Any CPU.ActiveCfg = Release|Any CPU
		{E83FCE28-6E6B-4060-982B-0887C905DEA1}.Release35|Any CPU.Build.0 = Release|Any CPU
		{E83FCE28-6E6B-4060-982B-0887C905DEA1}.Release40|Any CPU.ActiveCfg = Release|Any CPU
		{E83FCE28-6E6B-4060-982B-0887C905DEA1}.Release40|Any CPU.Build.0 = Release|Any CPU
		{E83FCE28-6E6B-4060-982B-0887C905DEA1}.Release45|Any CPU.ActiveCfg = Release|Any CPU
		{E83FCE28-6E6B-4060-982B-0887C905DEA1}.Release45|Any CPU.Build.0 = Release|Any CPU
		{E83FCE28-6E6B-4060-982B-0887C905DEA1}.Release451|Any CPU.ActiveCfg = Release|Any CPU
		{E83FCE28-6E6B-4060-982B-0887C905DEA1}.Release451|Any CPU.Build.0 = Release|Any CPU
		{E83FCE28-6E6B-4060-982B-0887C905DEA1}.Release452|Any CPU.ActiveCfg = Release|Any CPU
		{E83FCE28-6E6B-4060-982B-0887C905DEA1}.Release452|Any CPU.Build.0 = Release|Any CPU
		{211A3EF8-7C18-4E7D-9B8B-724288629ADA}.Debug|Any CPU.ActiveCfg = Debug|Any CPU
		{211A3EF8-7C18-4E7D-9B8B-724288629ADA}.Debug|Any CPU.Build.0 = Debug|Any CPU
		{211A3EF8-7C18-4E7D-9B8B-724288629ADA}.Debug35|Any CPU.ActiveCfg = Debug|Any CPU
		{211A3EF8-7C18-4E7D-9B8B-724288629ADA}.Debug35|Any CPU.Build.0 = Debug|Any CPU
		{211A3EF8-7C18-4E7D-9B8B-724288629ADA}.R46|Any CPU.ActiveCfg = Release|Any CPU
		{211A3EF8-7C18-4E7D-9B8B-724288629ADA}.R46|Any CPU.Build.0 = Release|Any CPU
		{211A3EF8-7C18-4E7D-9B8B-724288629ADA}.Release|Any CPU.ActiveCfg = Release|Any CPU
		{211A3EF8-7C18-4E7D-9B8B-724288629ADA}.Release|Any CPU.Build.0 = Release|Any CPU
		{211A3EF8-7C18-4E7D-9B8B-724288629ADA}.Release35|Any CPU.ActiveCfg = Release|Any CPU
		{211A3EF8-7C18-4E7D-9B8B-724288629ADA}.Release35|Any CPU.Build.0 = Release|Any CPU
		{211A3EF8-7C18-4E7D-9B8B-724288629ADA}.Release40|Any CPU.ActiveCfg = Release|Any CPU
		{211A3EF8-7C18-4E7D-9B8B-724288629ADA}.Release40|Any CPU.Build.0 = Release|Any CPU
		{211A3EF8-7C18-4E7D-9B8B-724288629ADA}.Release45|Any CPU.ActiveCfg = Release|Any CPU
		{211A3EF8-7C18-4E7D-9B8B-724288629ADA}.Release45|Any CPU.Build.0 = Release|Any CPU
		{211A3EF8-7C18-4E7D-9B8B-724288629ADA}.Release451|Any CPU.ActiveCfg = Release|Any CPU
		{211A3EF8-7C18-4E7D-9B8B-724288629ADA}.Release451|Any CPU.Build.0 = Release|Any CPU
		{211A3EF8-7C18-4E7D-9B8B-724288629ADA}.Release452|Any CPU.ActiveCfg = Release|Any CPU
		{211A3EF8-7C18-4E7D-9B8B-724288629ADA}.Release452|Any CPU.Build.0 = Release|Any CPU
		{BADD9674-3308-4194-AF59-344997B4926C}.Debug|Any CPU.ActiveCfg = Debug|Any CPU
		{BADD9674-3308-4194-AF59-344997B4926C}.Debug|Any CPU.Build.0 = Debug|Any CPU
		{BADD9674-3308-4194-AF59-344997B4926C}.Debug35|Any CPU.ActiveCfg = Debug|Any CPU
		{BADD9674-3308-4194-AF59-344997B4926C}.Debug35|Any CPU.Build.0 = Debug|Any CPU
		{BADD9674-3308-4194-AF59-344997B4926C}.R46|Any CPU.ActiveCfg = Release|Any CPU
		{BADD9674-3308-4194-AF59-344997B4926C}.R46|Any CPU.Build.0 = Release|Any CPU
		{BADD9674-3308-4194-AF59-344997B4926C}.Release|Any CPU.ActiveCfg = Release|Any CPU
		{BADD9674-3308-4194-AF59-344997B4926C}.Release|Any CPU.Build.0 = Release|Any CPU
		{BADD9674-3308-4194-AF59-344997B4926C}.Release35|Any CPU.ActiveCfg = Release|Any CPU
		{BADD9674-3308-4194-AF59-344997B4926C}.Release35|Any CPU.Build.0 = Release|Any CPU
		{BADD9674-3308-4194-AF59-344997B4926C}.Release40|Any CPU.ActiveCfg = Release|Any CPU
		{BADD9674-3308-4194-AF59-344997B4926C}.Release40|Any CPU.Build.0 = Release|Any CPU
		{BADD9674-3308-4194-AF59-344997B4926C}.Release45|Any CPU.ActiveCfg = Release|Any CPU
		{BADD9674-3308-4194-AF59-344997B4926C}.Release45|Any CPU.Build.0 = Release|Any CPU
		{BADD9674-3308-4194-AF59-344997B4926C}.Release451|Any CPU.ActiveCfg = Release|Any CPU
		{BADD9674-3308-4194-AF59-344997B4926C}.Release451|Any CPU.Build.0 = Release|Any CPU
		{BADD9674-3308-4194-AF59-344997B4926C}.Release452|Any CPU.ActiveCfg = Release|Any CPU
		{BADD9674-3308-4194-AF59-344997B4926C}.Release452|Any CPU.Build.0 = Release|Any CPU
		{DC810FBA-1DC9-429F-A247-35075EA49648}.Debug|Any CPU.ActiveCfg = Debug|Any CPU
		{DC810FBA-1DC9-429F-A247-35075EA49648}.Debug|Any CPU.Build.0 = Debug|Any CPU
		{DC810FBA-1DC9-429F-A247-35075EA49648}.Debug35|Any CPU.ActiveCfg = Debug35|Any CPU
		{DC810FBA-1DC9-429F-A247-35075EA49648}.Debug35|Any CPU.Build.0 = Debug35|Any CPU
		{DC810FBA-1DC9-429F-A247-35075EA49648}.R46|Any CPU.ActiveCfg = R46|Any CPU
		{DC810FBA-1DC9-429F-A247-35075EA49648}.R46|Any CPU.Build.0 = R46|Any CPU
		{DC810FBA-1DC9-429F-A247-35075EA49648}.Release|Any CPU.ActiveCfg = Release|Any CPU
		{DC810FBA-1DC9-429F-A247-35075EA49648}.Release|Any CPU.Build.0 = Release|Any CPU
		{DC810FBA-1DC9-429F-A247-35075EA49648}.Release35|Any CPU.ActiveCfg = Release35|Any CPU
		{DC810FBA-1DC9-429F-A247-35075EA49648}.Release35|Any CPU.Build.0 = Release35|Any CPU
		{DC810FBA-1DC9-429F-A247-35075EA49648}.Release40|Any CPU.ActiveCfg = Release40|Any CPU
		{DC810FBA-1DC9-429F-A247-35075EA49648}.Release40|Any CPU.Build.0 = Release40|Any CPU
		{DC810FBA-1DC9-429F-A247-35075EA49648}.Release45|Any CPU.ActiveCfg = Release45|Any CPU
		{DC810FBA-1DC9-429F-A247-35075EA49648}.Release45|Any CPU.Build.0 = Release45|Any CPU
		{DC810FBA-1DC9-429F-A247-35075EA49648}.Release451|Any CPU.ActiveCfg = Release451|Any CPU
		{DC810FBA-1DC9-429F-A247-35075EA49648}.Release451|Any CPU.Build.0 = Release451|Any CPU
		{DC810FBA-1DC9-429F-A247-35075EA49648}.Release452|Any CPU.ActiveCfg = Release452|Any CPU
		{DC810FBA-1DC9-429F-A247-35075EA49648}.Release452|Any CPU.Build.0 = Release452|Any CPU
		{33D04351-392E-4C50-879B-1C451B2325FB}.Debug|Any CPU.ActiveCfg = Debug
		{33D04351-392E-4C50-879B-1C451B2325FB}.Debug35|Any CPU.ActiveCfg = Debug
		{33D04351-392E-4C50-879B-1C451B2325FB}.R46|Any CPU.ActiveCfg = Release
		{33D04351-392E-4C50-879B-1C451B2325FB}.Release|Any CPU.ActiveCfg = Release
		{33D04351-392E-4C50-879B-1C451B2325FB}.Release35|Any CPU.ActiveCfg = Release
		{33D04351-392E-4C50-879B-1C451B2325FB}.Release40|Any CPU.ActiveCfg = Release
		{33D04351-392E-4C50-879B-1C451B2325FB}.Release45|Any CPU.ActiveCfg = Release
		{33D04351-392E-4C50-879B-1C451B2325FB}.Release451|Any CPU.ActiveCfg = Release
		{33D04351-392E-4C50-879B-1C451B2325FB}.Release452|Any CPU.ActiveCfg = Release
	EndGlobalSection
	GlobalSection(SolutionProperties) = preSolution
		HideSolutionNode = FALSE
	EndGlobalSection
EndGlobal
